
Microsoft Visual Studio Solution File, Format Version 12.00
# Visual Studio Version 17
VisualStudioVersion = 17.11.35208.52
MinimumVisualStudioVersion = 10.0.40219.1
Project("{FAE04EC0-301F-11D3-BF4B-00C04F79EFBC}") = "EmpleadoBaseMasComision2", "EmpleadoBaseMasComision2\EmpleadoBaseMasComision2.csproj", "{33CA3553-C74B-4DF8-8B17-FAAD76181A1B}"
EndProject
Global
	GlobalSection(SolutionConfigurationPlatforms) = preSolution
		Debug|Any CPU = Debug|Any CPU
		Release|Any CPU = Release|Any CPU
	EndGlobalSection
	GlobalSection(ProjectConfigurationPlatforms) = postSolution
		{33CA3553-C74B-4DF8-8B17-FAAD76181A1B}.Debug|Any CPU.ActiveCfg = Debug|Any CPU
		{33CA3553-C74B-4DF8-8B17-FAAD76181A1B}.Debug|Any CPU.Build.0 = Debug|Any CPU
		{33CA3553-C74B-4DF8-8B17-FAAD76181A1B}.Release|Any CPU.ActiveCfg = Release|Any CPU
		{33CA3553-C74B-4DF8-8B17-FAAD76181A1B}.Release|Any CPU.Build.0 = Release|Any CPU
	EndGlobalSection
	GlobalSection(SolutionProperties) = preSolution
		HideSolutionNode = FALSE
	EndGlobalSection
	GlobalSection(ExtensibilityGlobals) = postSolution
		SolutionGuid = {3166DAA8-88BB-46D0-AB8D-7FCFA6AB7896}
	EndGlobalSection
EndGlobal
